
Microsoft Visual Studio Solution File, Format Version 12.00
# Visual Studio Version 17
VisualStudioVersion = 17.4.33122.133
MinimumVisualStudioVersion = 10.0.40219.1
Project("{9A19103F-16F7-4668-BE54-9A1E7A4F7556}") = "ConsoleExamplePDF", "ConsoleExamplePDF\ConsoleExamplePDF.csproj", "{83F3D8F6-800C-4A8E-AE63-75DF4669FA04}"
EndProject
Project("{9A19103F-16F7-4668-BE54-9A1E7A4F7556}") = "ExampleMVCpdf", "ExampleMVCpdf\ExampleMVCpdf.csproj", "{B8AF5CD8-EF9D-4E6B-82DB-7AD8294AED31}"
EndProject
Project("{9A19103F-16F7-4668-BE54-9A1E7A4F7556}") = "ExampleDinkToPdf", "ExampleDinkToPdf\ExampleDinkToPdf.csproj", "{882F7334-7DDF-4BB3-86EB-50210B2B9008}"
EndProject
Project("{FAE04EC0-301F-11D3-BF4B-00C04F79EFBC}") = "ExampleNodejs", "ExampleNodejs\ExampleNodejs.csproj", "{ABB4DEDA-7056-4A1A-907E-61C83250AF70}"
EndProject
Global
	GlobalSection(SolutionConfigurationPlatforms) = preSolution
		Debug|Any CPU = Debug|Any CPU
		Release|Any CPU = Release|Any CPU
	EndGlobalSection
	GlobalSection(ProjectConfigurationPlatforms) = postSolution
		{83F3D8F6-800C-4A8E-AE63-75DF4669FA04}.Debug|Any CPU.ActiveCfg = Debug|Any CPU
		{83F3D8F6-800C-4A8E-AE63-75DF4669FA04}.Debug|Any CPU.Build.0 = Debug|Any CPU
		{83F3D8F6-800C-4A8E-AE63-75DF4669FA04}.Release|Any CPU.ActiveCfg = Release|Any CPU
		{83F3D8F6-800C-4A8E-AE63-75DF4669FA04}.Release|Any CPU.Build.0 = Release|Any CPU
		{B8AF5CD8-EF9D-4E6B-82DB-7AD8294AED31}.Debug|Any CPU.ActiveCfg = Debug|Any CPU
		{B8AF5CD8-EF9D-4E6B-82DB-7AD8294AED31}.Debug|Any CPU.Build.0 = Debug|Any CPU
		{B8AF5CD8-EF9D-4E6B-82DB-7AD8294AED31}.Release|Any CPU.ActiveCfg = Release|Any CPU
		{B8AF5CD8-EF9D-4E6B-82DB-7AD8294AED31}.Release|Any CPU.Build.0 = Release|Any CPU
		{882F7334-7DDF-4BB3-86EB-50210B2B9008}.Debug|Any CPU.ActiveCfg = Debug|Any CPU
		{882F7334-7DDF-4BB3-86EB-50210B2B9008}.Debug|Any CPU.Build.0 = Debug|Any CPU
		{882F7334-7DDF-4BB3-86EB-50210B2B9008}.Release|Any CPU.ActiveCfg = Release|Any CPU
		{882F7334-7DDF-4BB3-86EB-50210B2B9008}.Release|Any CPU.Build.0 = Release|Any CPU
		{ABB4DEDA-7056-4A1A-907E-61C83250AF70}.Debug|Any CPU.ActiveCfg = Debug|Any CPU
		{ABB4DEDA-7056-4A1A-907E-61C83250AF70}.Debug|Any CPU.Build.0 = Debug|Any CPU
		{ABB4DEDA-7056-4A1A-907E-61C83250AF70}.Release|Any CPU.ActiveCfg = Release|Any CPU
		{ABB4DEDA-7056-4A1A-907E-61C83250AF70}.Release|Any CPU.Build.0 = Release|Any CPU
	EndGlobalSection
	GlobalSection(SolutionProperties) = preSolution
		HideSolutionNode = FALSE
	EndGlobalSection
	GlobalSection(ExtensibilityGlobals) = postSolution
		SolutionGuid = {58F049E9-9A9B-4FCD-B932-471D8E945B3E}
	EndGlobalSection
EndGlobal
